
Microsoft Visual Studio Solution File, Format Version 12.00
# Visual Studio Version 16
VisualStudioVersion = 16.0.30804.86
MinimumVisualStudioVersion = 10.0.40219.1
Project("{FAE04EC0-301F-11D3-BF4B-00C04F79EFBC}") = "Decision Structures", "Decision Structures.csproj", "{92AE9AC4-A1F8-473E-B902-FA6F5EB5B401}"
EndProject
Global
	GlobalSection(SolutionConfigurationPlatforms) = preSolution
		Debug|Any CPU = Debug|Any CPU
		Release|Any CPU = Release|Any CPU
	EndGlobalSection
	GlobalSection(ProjectConfigurationPlatforms) = postSolution
		{92AE9AC4-A1F8-473E-B902-FA6F5EB5B401}.Debug|Any CPU.ActiveCfg = Debug|Any CPU
		{92AE9AC4-A1F8-473E-B902-FA6F5EB5B401}.Debug|Any CPU.Build.0 = Debug|Any CPU
		{92AE9AC4-A1F8-473E-B902-FA6F5EB5B401}.Release|Any CPU.ActiveCfg = Release|Any CPU
		{92AE9AC4-A1F8-473E-B902-FA6F5EB5B401}.Release|Any CPU.Build.0 = Release|Any CPU
	EndGlobalSection
	GlobalSection(SolutionProperties) = preSolution
		HideSolutionNode = FALSE
	EndGlobalSection
	GlobalSection(ExtensibilityGlobals) = postSolution
		SolutionGuid = {1CD01211-D1E2-4F1A-A980-BE09081737E8}
	EndGlobalSection
EndGlobal
