
Microsoft Visual Studio Solution File, Format Version 12.00
# Visual Studio Version 16
VisualStudioVersion = 16.0.30804.86
MinimumVisualStudioVersion = 10.0.40219.1
Project("{FAE04EC0-301F-11D3-BF4B-00C04F79EFBC}") = "Array Methods", "Array Methods.csproj", "{AEBF5C05-3E08-4A82-A92C-BF477F41495A}"
EndProject
Global
	GlobalSection(SolutionConfigurationPlatforms) = preSolution
		Debug|Any CPU = Debug|Any CPU
		Release|Any CPU = Release|Any CPU
	EndGlobalSection
	GlobalSection(ProjectConfigurationPlatforms) = postSolution
		{AEBF5C05-3E08-4A82-A92C-BF477F41495A}.Debug|Any CPU.ActiveCfg = Debug|Any CPU
		{AEBF5C05-3E08-4A82-A92C-BF477F41495A}.Debug|Any CPU.Build.0 = Debug|Any CPU
		{AEBF5C05-3E08-4A82-A92C-BF477F41495A}.Release|Any CPU.ActiveCfg = Release|Any CPU
		{AEBF5C05-3E08-4A82-A92C-BF477F41495A}.Release|Any CPU.Build.0 = Release|Any CPU
	EndGlobalSection
	GlobalSection(SolutionProperties) = preSolution
		HideSolutionNode = FALSE
	EndGlobalSection
	GlobalSection(ExtensibilityGlobals) = postSolution
		SolutionGuid = {92CD02FC-D078-4C5A-81B9-D248735A88F2}
	EndGlobalSection
EndGlobal
