
Microsoft Visual Studio Solution File, Format Version 12.00
# Visual Studio Version 16
VisualStudioVersion = 16.0.30717.126
MinimumVisualStudioVersion = 10.0.40219.1
Project("{FAE04EC0-301F-11D3-BF4B-00C04F79EFBC}") = "String-2", "String-2.csproj", "{623B99D1-F296-444B-86DF-8B1AB8C2EDFD}"
EndProject
Global
	GlobalSection(SolutionConfigurationPlatforms) = preSolution
		Debug|Any CPU = Debug|Any CPU
		Release|Any CPU = Release|Any CPU
	EndGlobalSection
	GlobalSection(ProjectConfigurationPlatforms) = postSolution
		{623B99D1-F296-444B-86DF-8B1AB8C2EDFD}.Debug|Any CPU.ActiveCfg = Debug|Any CPU
		{623B99D1-F296-444B-86DF-8B1AB8C2EDFD}.Debug|Any CPU.Build.0 = Debug|Any CPU
		{623B99D1-F296-444B-86DF-8B1AB8C2EDFD}.Release|Any CPU.ActiveCfg = Release|Any CPU
		{623B99D1-F296-444B-86DF-8B1AB8C2EDFD}.Release|Any CPU.Build.0 = Release|Any CPU
	EndGlobalSection
	GlobalSection(SolutionProperties) = preSolution
		HideSolutionNode = FALSE
	EndGlobalSection
	GlobalSection(ExtensibilityGlobals) = postSolution
		SolutionGuid = {73A9AC3C-CF1D-45BF-8D45-F195E1BA7FBA}
	EndGlobalSection
EndGlobal
