
Microsoft Visual Studio Solution File, Format Version 12.00
# Visual Studio Version 16
VisualStudioVersion = 16.0.30717.126
MinimumVisualStudioVersion = 10.0.40219.1
Project("{FAE04EC0-301F-11D3-BF4B-00C04F79EFBC}") = "Byte-Sbyte", "Byte-Sbyte.csproj", "{BE818A19-F197-45D8-AC44-25DD7570721E}"
EndProject
Global
	GlobalSection(SolutionConfigurationPlatforms) = preSolution
		Debug|Any CPU = Debug|Any CPU
		Release|Any CPU = Release|Any CPU
	EndGlobalSection
	GlobalSection(ProjectConfigurationPlatforms) = postSolution
		{BE818A19-F197-45D8-AC44-25DD7570721E}.Debug|Any CPU.ActiveCfg = Debug|Any CPU
		{BE818A19-F197-45D8-AC44-25DD7570721E}.Debug|Any CPU.Build.0 = Debug|Any CPU
		{BE818A19-F197-45D8-AC44-25DD7570721E}.Release|Any CPU.ActiveCfg = Release|Any CPU
		{BE818A19-F197-45D8-AC44-25DD7570721E}.Release|Any CPU.Build.0 = Release|Any CPU
	EndGlobalSection
	GlobalSection(SolutionProperties) = preSolution
		HideSolutionNode = FALSE
	EndGlobalSection
	GlobalSection(ExtensibilityGlobals) = postSolution
		SolutionGuid = {E4AF2F17-260B-4EF6-A436-ED1FCE031AEA}
	EndGlobalSection
EndGlobal
