
Microsoft Visual Studio Solution File, Format Version 12.00
# Visual Studio Version 16
VisualStudioVersion = 16.0.30717.126
MinimumVisualStudioVersion = 10.0.40219.1
Project("{FAE04EC0-301F-11D3-BF4B-00C04F79EFBC}") = "(List-Combo)Box-Example", "(List-Combo)Box-Example.csproj", "{B7A5B5B9-09AE-4C4F-80B8-15BF49898107}"
EndProject
Global
	GlobalSection(SolutionConfigurationPlatforms) = preSolution
		Debug|Any CPU = Debug|Any CPU
		Release|Any CPU = Release|Any CPU
	EndGlobalSection
	GlobalSection(ProjectConfigurationPlatforms) = postSolution
		{B7A5B5B9-09AE-4C4F-80B8-15BF49898107}.Debug|Any CPU.ActiveCfg = Debug|Any CPU
		{B7A5B5B9-09AE-4C4F-80B8-15BF49898107}.Debug|Any CPU.Build.0 = Debug|Any CPU
		{B7A5B5B9-09AE-4C4F-80B8-15BF49898107}.Release|Any CPU.ActiveCfg = Release|Any CPU
		{B7A5B5B9-09AE-4C4F-80B8-15BF49898107}.Release|Any CPU.Build.0 = Release|Any CPU
	EndGlobalSection
	GlobalSection(SolutionProperties) = preSolution
		HideSolutionNode = FALSE
	EndGlobalSection
	GlobalSection(ExtensibilityGlobals) = postSolution
		SolutionGuid = {1DD17B1E-7C08-4FE8-83DC-E8B71E3034D2}
	EndGlobalSection
EndGlobal
