
Microsoft Visual Studio Solution File, Format Version 12.00
# Visual Studio Version 16
VisualStudioVersion = 16.0.30717.126
MinimumVisualStudioVersion = 10.0.40219.1
Project("{FAE04EC0-301F-11D3-BF4B-00C04F79EFBC}") = "String-3", "String-3.csproj", "{5A5A7C5B-C6FB-43AB-BBA6-731D7F534C72}"
EndProject
Global
	GlobalSection(SolutionConfigurationPlatforms) = preSolution
		Debug|Any CPU = Debug|Any CPU
		Release|Any CPU = Release|Any CPU
	EndGlobalSection
	GlobalSection(ProjectConfigurationPlatforms) = postSolution
		{5A5A7C5B-C6FB-43AB-BBA6-731D7F534C72}.Debug|Any CPU.ActiveCfg = Debug|Any CPU
		{5A5A7C5B-C6FB-43AB-BBA6-731D7F534C72}.Debug|Any CPU.Build.0 = Debug|Any CPU
		{5A5A7C5B-C6FB-43AB-BBA6-731D7F534C72}.Release|Any CPU.ActiveCfg = Release|Any CPU
		{5A5A7C5B-C6FB-43AB-BBA6-731D7F534C72}.Release|Any CPU.Build.0 = Release|Any CPU
	EndGlobalSection
	GlobalSection(SolutionProperties) = preSolution
		HideSolutionNode = FALSE
	EndGlobalSection
	GlobalSection(ExtensibilityGlobals) = postSolution
		SolutionGuid = {6005E1EF-67ED-46F2-8A3C-3E25C6C0C8C9}
	EndGlobalSection
EndGlobal
