
Microsoft Visual Studio Solution File, Format Version 12.00
# Visual Studio Version 16
VisualStudioVersion = 16.0.30717.126
MinimumVisualStudioVersion = 10.0.40219.1
Project("{FAE04EC0-301F-11D3-BF4B-00C04F79EFBC}") = "GetValueFromTheKeyboard", "GetValueFromTheKeyboard.csproj", "{ABAFB014-D791-4BF9-95F5-3DD378B8347C}"
EndProject
Global
	GlobalSection(SolutionConfigurationPlatforms) = preSolution
		Debug|Any CPU = Debug|Any CPU
		Release|Any CPU = Release|Any CPU
	EndGlobalSection
	GlobalSection(ProjectConfigurationPlatforms) = postSolution
		{ABAFB014-D791-4BF9-95F5-3DD378B8347C}.Debug|Any CPU.ActiveCfg = Debug|Any CPU
		{ABAFB014-D791-4BF9-95F5-3DD378B8347C}.Debug|Any CPU.Build.0 = Debug|Any CPU
		{ABAFB014-D791-4BF9-95F5-3DD378B8347C}.Release|Any CPU.ActiveCfg = Release|Any CPU
		{ABAFB014-D791-4BF9-95F5-3DD378B8347C}.Release|Any CPU.Build.0 = Release|Any CPU
	EndGlobalSection
	GlobalSection(SolutionProperties) = preSolution
		HideSolutionNode = FALSE
	EndGlobalSection
	GlobalSection(ExtensibilityGlobals) = postSolution
		SolutionGuid = {4F5FFEC8-8881-4B14-9A26-74A6D824ED50}
	EndGlobalSection
EndGlobal
