
Microsoft Visual Studio Solution File, Format Version 12.00
# Visual Studio Version 16
VisualStudioVersion = 16.0.30717.126
MinimumVisualStudioVersion = 10.0.40219.1
Project("{FAE04EC0-301F-11D3-BF4B-00C04F79EFBC}") = "02.TextBox", "02.TextBox.csproj", "{09A16ADA-8F58-4FA0-862C-57A9FBE2DF2F}"
EndProject
Global
	GlobalSection(SolutionConfigurationPlatforms) = preSolution
		Debug|Any CPU = Debug|Any CPU
		Release|Any CPU = Release|Any CPU
	EndGlobalSection
	GlobalSection(ProjectConfigurationPlatforms) = postSolution
		{09A16ADA-8F58-4FA0-862C-57A9FBE2DF2F}.Debug|Any CPU.ActiveCfg = Debug|Any CPU
		{09A16ADA-8F58-4FA0-862C-57A9FBE2DF2F}.Debug|Any CPU.Build.0 = Debug|Any CPU
		{09A16ADA-8F58-4FA0-862C-57A9FBE2DF2F}.Release|Any CPU.ActiveCfg = Release|Any CPU
		{09A16ADA-8F58-4FA0-862C-57A9FBE2DF2F}.Release|Any CPU.Build.0 = Release|Any CPU
	EndGlobalSection
	GlobalSection(SolutionProperties) = preSolution
		HideSolutionNode = FALSE
	EndGlobalSection
	GlobalSection(ExtensibilityGlobals) = postSolution
		SolutionGuid = {7BC6F454-1C5C-4A25-A8B7-016D4BABB2DC}
	EndGlobalSection
EndGlobal
